
Microsoft Visual Studio Solution File, Format Version 12.00
# Visual Studio Version 17
VisualStudioVersion = 17.11.35208.52
MinimumVisualStudioVersion = 10.0.40219.1
Project("{FAE04EC0-301F-11D3-BF4B-00C04F79EFBC}") = "SCU.Serilog.Sinks.Telegram", "SCU.Serilog.Sinks.Telegram\SCU.Serilog.Sinks.Telegram.csproj", "{FA9F74C5-9D88-4D78-A6F0-73C5CF64CEBB}"
EndProject
Global
	GlobalSection(SolutionConfigurationPlatforms) = preSolution
		Debug|Any CPU = Debug|Any CPU
		Release|Any CPU = Release|Any CPU
	EndGlobalSection
	GlobalSection(ProjectConfigurationPlatforms) = postSolution
		{FA9F74C5-9D88-4D78-A6F0-73C5CF64CEBB}.Debug|Any CPU.ActiveCfg = Debug|Any CPU
		{FA9F74C5-9D88-4D78-A6F0-73C5CF64CEBB}.Debug|Any CPU.Build.0 = Debug|Any CPU
		{FA9F74C5-9D88-4D78-A6F0-73C5CF64CEBB}.Release|Any CPU.ActiveCfg = Release|Any CPU
		{FA9F74C5-9D88-4D78-A6F0-73C5CF64CEBB}.Release|Any CPU.Build.0 = Release|Any CPU
	EndGlobalSection
	GlobalSection(SolutionProperties) = preSolution
		HideSolutionNode = FALSE
	EndGlobalSection
	GlobalSection(ExtensibilityGlobals) = postSolution
		SolutionGuid = {37B6A68A-1B00-4A21-BDAD-D539AD52805D}
	EndGlobalSection
EndGlobal
